
Microsoft Visual Studio Solution File, Format Version 12.00
# Visual Studio Version 17
VisualStudioVersion = 17.1.32407.343
MinimumVisualStudioVersion = 10.0.40219.1
Project("{FAE04EC0-301F-11D3-BF4B-00C04F79EFBC}") = "IbkrToSru", "IbkrToSru\IbkrToSru.csproj", "{74844042-DEDF-4454-AB9B-3B34BC89C7E4}"
EndProject
Project("{FAE04EC0-301F-11D3-BF4B-00C04F79EFBC}") = "IbkrToSruTests", "IbkrToSruTests\IbkrToSruTests.csproj", "{B4A8AA48-ED03-49BC-85C1-F81A9EEA5F07}"
EndProject
Global
	GlobalSection(SolutionConfigurationPlatforms) = preSolution
		Debug|Any CPU = Debug|Any CPU
		Release|Any CPU = Release|Any CPU
	EndGlobalSection
	GlobalSection(ProjectConfigurationPlatforms) = postSolution
		{74844042-DEDF-4454-AB9B-3B34BC89C7E4}.Debug|Any CPU.ActiveCfg = Debug|Any CPU
		{74844042-DEDF-4454-AB9B-3B34BC89C7E4}.Debug|Any CPU.Build.0 = Debug|Any CPU
		{74844042-DEDF-4454-AB9B-3B34BC89C7E4}.Release|Any CPU.ActiveCfg = Release|Any CPU
		{74844042-DEDF-4454-AB9B-3B34BC89C7E4}.Release|Any CPU.Build.0 = Release|Any CPU
		{B4A8AA48-ED03-49BC-85C1-F81A9EEA5F07}.Debug|Any CPU.ActiveCfg = Debug|Any CPU
		{B4A8AA48-ED03-49BC-85C1-F81A9EEA5F07}.Debug|Any CPU.Build.0 = Debug|Any CPU
		{B4A8AA48-ED03-49BC-85C1-F81A9EEA5F07}.Release|Any CPU.ActiveCfg = Release|Any CPU
		{B4A8AA48-ED03-49BC-85C1-F81A9EEA5F07}.Release|Any CPU.Build.0 = Release|Any CPU
	EndGlobalSection
	GlobalSection(SolutionProperties) = preSolution
		HideSolutionNode = FALSE
	EndGlobalSection
	GlobalSection(ExtensibilityGlobals) = postSolution
		SolutionGuid = {51961686-15F7-4AFB-8B7E-2410FC21BC35}
	EndGlobalSection
EndGlobal
